// !$*UTF8*$!
{
	archiveVersion = 1;
	classes = {
	};
	objectVersion = 46;
	objects = {

/* Begin PBXBuildFile section */
		3D2DBB3115721FE00064C9C3 /* UIKit.framework in Frameworks */ = {isa = PBXBuildFile; fileRef = 3D2DBB3015721FE00064C9C3 /* UIKit.framework */; };
		3D2DBB3315721FE00064C9C3 /* Foundation.framework in Frameworks */ = {isa = PBXBuildFile; fileRef = 3D2DBB3215721FE00064C9C3 /* Foundation.framework */; };
		3D2DBB3515721FE00064C9C3 /* CoreGraphics.framework in Frameworks */ = {isa = PBXBuildFile; fileRef = 3D2DBB3415721FE00064C9C3 /* CoreGraphics.framework */; };
		3D2DBB3B15721FE00064C9C3 /* InfoPlist.strings in Resources */ = {isa = PBXBuildFile; fileRef = 3D2DBB3915721FE00064C9C3 /* InfoPlist.strings */; };
		3D2DBB3D15721FE00064C9C3 /* main.m in Sources */ = {isa = PBXBuildFile; fileRef = 3D2DBB3C15721FE00064C9C3 /* main.m */; };
		3D2DBB4115721FE00064C9C3 /* AppDelegate.m in Sources */ = {isa = PBXBuildFile; fileRef = 3D2DBB4015721FE00064C9C3 /* AppDelegate.m */; };
		3D2DBB4415721FE00064C9C3 /* ViewController.m in Sources */ = {isa = PBXBuildFile; fileRef = 3D2DBB4315721FE00064C9C3 /* ViewController.m */; };
		3D2DBB4715721FE00064C9C3 /* ViewController.xib in Resources */ = {isa = PBXBuildFile; fileRef = 3D2DBB4515721FE00064C9C3 /* ViewController.xib */; };
		3D2DBB4F15721FE10064C9C3 /* SenTestingKit.framework in Frameworks */ = {isa = PBXBuildFile; fileRef = 3D2DBB4E15721FE10064C9C3 /* SenTestingKit.framework */; };
		3D2DBB5015721FE10064C9C3 /* UIKit.framework in Frameworks */ = {isa = PBXBuildFile; fileRef = 3D2DBB3015721FE00064C9C3 /* UIKit.framework */; };
		3D2DBB5115721FE10064C9C3 /* Foundation.framework in Frameworks */ = {isa = PBXBuildFile; fileRef = 3D2DBB3215721FE00064C9C3 /* Foundation.framework */; };
		3D2DBB5915721FE10064C9C3 /* InfoPlist.strings in Resources */ = {isa = PBXBuildFile; fileRef = 3D2DBB5715721FE10064C9C3 /* InfoPlist.strings */; };
		3D2DBB5C15721FE10064C9C3 /* SolareTests.m in Sources */ = {isa = PBXBuildFile; fileRef = 3D2DBB5B15721FE10064C9C3 /* SolareTests.m */; };
/* End PBXBuildFile section */

/* Begin PBXContainerItemProxy section */
		3D2DBB5215721FE10064C9C3 /* PBXContainerItemProxy */ = {
			isa = PBXContainerItemProxy;
			containerPortal = 3D2DBB2315721FDF0064C9C3 /* Project object */;
			proxyType = 1;
			remoteGlobalIDString = 3D2DBB2B15721FE00064C9C3;
			remoteInfo = Solare;
		};
/* End PBXContainerItemProxy section */

/* Begin PBXFileReference section */
		3D2DBB2C15721FE00064C9C3 /* Solare.app */ = {isa = PBXFileReference; explicitFileType = wrapper.application; includeInIndex = 0; path = Solare.app; sourceTree = BUILT_PRODUCTS_DIR; };
		3D2DBB3015721FE00064C9C3 /* UIKit.framework */ = {isa = PBXFileReference; lastKnownFileType = wrapper.framework; name = UIKit.framework; path = System/Library/Frameworks/UIKit.framework; sourceTree = SDKROOT; };
		3D2DBB3215721FE00064C9C3 /* Foundation.framework */ = {isa = PBXFileReference; lastKnownFileType = wrapper.framework; name = Foundation.framework; path = System/Library/Frameworks/Foundation.framework; sourceTree = SDKROOT; };
		3D2DBB3415721FE00064C9C3 /* CoreGraphics.framework */ = {isa = PBXFileReference; lastKnownFileType = wrapper.framework; name = CoreGraphics.framework; path = System/Library/Frameworks/CoreGraphics.framework; sourceTree = SDKROOT; };
		3D2DBB3815721FE00064C9C3 /* Solare-Info.plist */ = {isa = PBXFileReference; path = "Solare-Info.plist"; sourceTree = "<group>"; };
		3D2DBB3A15721FE00064C9C3 /* en */ = {isa = PBXFileReference; lastKnownFileType = text.plist.strings; name = en; path = en.lproj/InfoPlist.strings; sourceTree = "<group>"; };
		3D2DBB3C15721FE00064C9C3 /* main.m */ = {isa = PBXFileReference; lastKnownFileType = sourcecode.c.objc; path = main.m; sourceTree = "<group>"; };
		3D2DBB3E15721FE00064C9C3 /* Solare-Prefix.pch */ = {isa = PBXFileReference; path = "Solare-Prefix.pch"; sourceTree = "<group>"; };
		3D2DBB3F15721FE00064C9C3 /* AppDelegate.h */ = {isa = PBXFileReference; path = AppDelegate.h; sourceTree = "<group>"; };
		3D2DBB4015721FE00064C9C3 /* AppDelegate.m */ = {isa = PBXFileReference; lastKnownFileType = sourcecode.c.objc; path = AppDelegate.m; sourceTree = "<group>"; };
		3D2DBB4215721FE00064C9C3 /* ViewController.h */ = {isa = PBXFileReference; path = ViewController.h; sourceTree = "<group>"; };
		3D2DBB4315721FE00064C9C3 /* ViewController.m */ = {isa = PBXFileReference; lastKnownFileType = sourcecode.c.objc; path = ViewController.m; sourceTree = "<group>"; };
		3D2DBB4615721FE00064C9C3 /* en */ = {isa = PBXFileReference; lastKnownFileType = file.xib; name = en; path = en.lproj/ViewController.xib; sourceTree = "<group>"; };
		3D2DBB4D15721FE10064C9C3 /* SolareTests.octest */ = {isa = PBXFileReference; explicitFileType = wrapper.cfbundle; includeInIndex = 0; path = SolareTests.octest; sourceTree = BUILT_PRODUCTS_DIR; };
		3D2DBB4E15721FE10064C9C3 /* SenTestingKit.framework */ = {isa = PBXFileReference; lastKnownFileType = wrapper.framework; name = SenTestingKit.framework; path = Library/Frameworks/SenTestingKit.framework; sourceTree = DEVELOPER_DIR; };
		3D2DBB5615721FE10064C9C3 /* SolareTests-Info.plist */ = {isa = PBXFileReference; path = "SolareTests-Info.plist"; sourceTree = "<group>"; };
		3D2DBB5815721FE10064C9C3 /* en */ = {isa = PBXFileReference; lastKnownFileType = text.plist.strings; name = en; path = en.lproj/InfoPlist.strings; sourceTree = "<group>"; };
		3D2DBB5A15721FE10064C9C3 /* SolareTests.h */ = {isa = PBXFileReference; path = SolareTests.h; sourceTree = "<group>"; };
		3D2DBB5B15721FE10064C9C3 /* SolareTests.m */ = {isa = PBXFileReference; lastKnownFileType = sourcecode.c.objc; path = SolareTests.m; sourceTree = "<group>"; };
/* End PBXFileReference section */

/* Begin PBXFrameworksBuildPhase section */
		3D2DBB2915721FE00064C9C3 /* Frameworks */ = {
			isa = PBXFrameworksBuildPhase;
			buildActionMask = 2147483647;
			files = (
				3D2DBB3115721FE00064C9C3 /* UIKit.framework in Frameworks */,
				3D2DBB3315721FE00064C9C3 /* Foundation.framework in Frameworks */,
				3D2DBB3515721FE00064C9C3 /* CoreGraphics.framework in Frameworks */,
			);
			runOnlyForDeploymentPostprocessing = 0;
		};
		3D2DBB4915721FE10064C9C3 /* Frameworks */ = {
			isa = PBXFrameworksBuildPhase;
			buildActionMask = 2147483647;
			files = (
				3D2DBB4F15721FE10064C9C3 /* SenTestingKit.framework in Frameworks */,
				3D2DBB5015721FE10064C9C3 /* UIKit.framework in Frameworks */,
				3D2DBB5115721FE10064C9C3 /* Foundation.framework in Frameworks */,
			);
			runOnlyForDeploymentPostprocessing = 0;
		};
/* End PBXFrameworksBuildPhase section */

/* Begin PBXGroup section */
		3D2DBB2115721FDF0064C9C3 = {
			isa = PBXGroup;
			children = (
				3D2DBB3615721FE00064C9C3 /* Solare */,
				3D2DBB5415721FE10064C9C3 /* SolareTests */,
				3D2DBB2F15721FE00064C9C3 /* Frameworks */,
				3D2DBB2D15721FE00064C9C3 /* Products */,
			);
			sourceTree = "<group>";
		};
		3D2DBB2D15721FE00064C9C3 /* Products */ = {
			isa = PBXGroup;
			children = (
				3D2DBB2C15721FE00064C9C3 /* Solare.app */,
				3D2DBB4D15721FE10064C9C3 /* SolareTests.octest */,
			);
			name = Products;
			sourceTree = "<group>";
		};
		3D2DBB2F15721FE00064C9C3 /* Frameworks */ = {
			isa = PBXGroup;
			children = (
				3D2DBB3015721FE00064C9C3 /* UIKit.framework */,
				3D2DBB3215721FE00064C9C3 /* Foundation.framework */,
				3D2DBB3415721FE00064C9C3 /* CoreGraphics.framework */,
				3D2DBB4E15721FE10064C9C3 /* SenTestingKit.framework */,
			);
			name = Frameworks;
			sourceTree = "<group>";
		};
		3D2DBB3615721FE00064C9C3 /* Solare */ = {
			isa = PBXGroup;
			children = (
				3D2DBB3F15721FE00064C9C3 /* AppDelegate.h */,
				3D2DBB4015721FE00064C9C3 /* AppDelegate.m */,
				3D2DBB4215721FE00064C9C3 /* ViewController.h */,
				3D2DBB4315721FE00064C9C3 /* ViewController.m */,
				3D2DBB4515721FE00064C9C3 /* ViewController.xib */,
				3D2DBB3715721FE00064C9C3 /* Supporting Files */,
			);
			path = Solare;
			sourceTree = "<group>";
		};
		3D2DBB3715721FE00064C9C3 /* Supporting Files */ = {
			isa = PBXGroup;
			children = (
				3D2DBB3815721FE00064C9C3 /* Solare-Info.plist */,
				3D2DBB3915721FE00064C9C3 /* InfoPlist.strings */,
				3D2DBB3C15721FE00064C9C3 /* main.m */,
				3D2DBB3E15721FE00064C9C3 /* Solare-Prefix.pch */,
			);
			name = "Supporting Files";
			sourceTree = "<group>";
		};
		3D2DBB5415721FE10064C9C3 /* SolareTests */ = {
			isa = PBXGroup;
			children = (
				3D2DBB5A15721FE10064C9C3 /* SolareTests.h */,
				3D2DBB5B15721FE10064C9C3 /* SolareTests.m */,
				3D2DBB5515721FE10064C9C3 /* Supporting Files */,
			);
			path = SolareTests;
			sourceTree = "<group>";
		};
		3D2DBB5515721FE10064C9C3 /* Supporting Files */ = {
			isa = PBXGroup;
			children = (
				3D2DBB5615721FE10064C9C3 /* SolareTests-Info.plist */,
				3D2DBB5715721FE10064C9C3 /* InfoPlist.strings */,
			);
			name = "Supporting Files";
			sourceTree = "<group>";
		};
/* End PBXGroup section */

/* Begin PBXNativeTarget section */
		3D2DBB2B15721FE00064C9C3 /* Solare */ = {
			isa = PBXNativeTarget;
			buildConfigurationList = 3D2DBB5F15721FE10064C9C3 /* Build configuration list for PBXNativeTarget "Solare" */;
			buildPhases = (
				3D2DBB2815721FE00064C9C3 /* Sources */,
				3D2DBB2915721FE00064C9C3 /* Frameworks */,
				3D2DBB2A15721FE00064C9C3 /* Resources */,
			);
			buildRules = (
			);
			dependencies = (
			);
			name = Solare;
			productName = Solare;
			productReference = 3D2DBB2C15721FE00064C9C3 /* Solare.app */;
			productType = "com.apple.product-type.application";
		};
		3D2DBB4C15721FE10064C9C3 /* SolareTests */ = {
			isa = PBXNativeTarget;
			buildConfigurationList = 3D2DBB6215721FE10064C9C3 /* Build configuration list for PBXNativeTarget "SolareTests" */;
			buildPhases = (
				3D2DBB4815721FE10064C9C3 /* Sources */,
				3D2DBB4915721FE10064C9C3 /* Frameworks */,
				3D2DBB4A15721FE10064C9C3 /* Resources */,
				3D2DBB4B15721FE10064C9C3 /* ShellScript */,
			);
			buildRules = (
			);
			dependencies = (
				3D2DBB5315721FE10064C9C3 /* PBXTargetDependency */,
			);
			name = SolareTests;
			productName = SolareTests;
			productReference = 3D2DBB4D15721FE10064C9C3 /* SolareTests.octest */;
			productType = "com.apple.product-type.bundle";
		};
/* End PBXNativeTarget section */

/* Begin PBXProject section */
		3D2DBB2315721FDF0064C9C3 /* Project object */ = {
			isa = PBXProject;
			attributes = {
				LastUpgradeCheck = 0430;
				ORGANIZATIONNAME = Pedro;
			};
			buildConfigurationList = 3D2DBB2615721FDF0064C9C3 /* Build configuration list for PBXProject "Solare" */;
			compatibilityVersion = "Xcode 3.2";
			developmentRegion = English;
			hasScannedForEncodings = 0;
			knownRegions = (
				en,
			);
			mainGroup = 3D2DBB2115721FDF0064C9C3;
			productRefGroup = 3D2DBB2D15721FE00064C9C3 /* Products */;
			projectDirPath = "";
			projectRoot = "";
			targets = (
				3D2DBB2B15721FE00064C9C3 /* Solare */,
				3D2DBB4C15721FE10064C9C3 /* SolareTests */,
			);
		};
/* End PBXProject section */

/* Begin PBXResourcesBuildPhase section */
		3D2DBB2A15721FE00064C9C3 /* Resources */ = {
			isa = PBXResourcesBuildPhase;
			buildActionMask = 2147483647;
			files = (
				3D2DBB3B15721FE00064C9C3 /* InfoPlist.strings in Resources */,
				3D2DBB4715721FE00064C9C3 /* ViewController.xib in Resources */,
			);
			runOnlyForDeploymentPostprocessing = 0;
		};
		3D2DBB4A15721FE10064C9C3 /* Resources */ = {
			isa = PBXResourcesBuildPhase;
			buildActionMask = 2147483647;
			files = (
				3D2DBB5915721FE10064C9C3 /* InfoPlist.strings in Resources */,
			);
			runOnlyForDeploymentPostprocessing = 0;
		};
/* End PBXResourcesBuildPhase section */

/* Begin PBXShellScriptBuildPhase section */
		3D2DBB4B15721FE10064C9C3 /* ShellScript */ = {
			isa = PBXShellScriptBuildPhase;
			buildActionMask = 2147483647;
			files = (
			);
			inputPaths = (
			);
			outputPaths = (
			);
			runOnlyForDeploymentPostprocessing = 0;
			shellPath = /bin/sh;
			shellScript = "# Run the unit tests in this test bundle.\n\"${SYSTEM_DEVELOPER_DIR}/Tools/RunUnitTests\"\n";
		};
/* End PBXShellScriptBuildPhase section */

/* Begin PBXSourcesBuildPhase section */
		3D2DBB2815721FE00064C9C3 /* Sources */ = {
			isa = PBXSourcesBuildPhase;
			buildActionMask = 2147483647;
			files = (
				3D2DBB3D15721FE00064C9C3 /* main.m in Sources */,
				3D2DBB4115721FE00064C9C3 /* AppDelegate.m in Sources */,
				3D2DBB4415721FE00064C9C3 /* ViewController.m in Sources */,
			);
			runOnlyForDeploymentPostprocessing = 0;
		};
		3D2DBB4815721FE10064C9C3 /* Sources */ = {
			isa = PBXSourcesBuildPhase;
			buildActionMask = 2147483647;
			files = (
				3D2DBB5C15721FE10064C9C3 /* SolareTests.m in Sources */,
			);
			runOnlyForDeploymentPostprocessing = 0;
		};
/* End PBXSourcesBuildPhase section */

/* Begin PBXTargetDependency section */
		3D2DBB5315721FE10064C9C3 /* PBXTargetDependency */ = {
			isa = PBXTargetDependency;
			target = 3D2DBB2B15721FE00064C9C3 /* Solare */;
			targetProxy = 3D2DBB5215721FE10064C9C3 /* PBXContainerItemProxy */;
		};
/* End PBXTargetDependency section */

/* Begin PBXVariantGroup section */
		3D2DBB3915721FE00064C9C3 /* InfoPlist.strings */ = {
			isa = PBXVariantGroup;
			children = (
				3D2DBB3A15721FE00064C9C3 /* en */,
			);
			name = InfoPlist.strings;
			sourceTree = "<group>";
		};
		3D2DBB4515721FE00064C9C3 /* ViewController.xib */ = {
			isa = PBXVariantGroup;
			children = (
				3D2DBB4615721FE00064C9C3 /* en */,
			);
			name = ViewController.xib;
			sourceTree = "<group>";
		};
		3D2DBB5715721FE10064C9C3 /* InfoPlist.strings */ = {
			isa = PBXVariantGroup;
			children = (
				3D2DBB5815721FE10064C9C3 /* en */,
			);
			name = InfoPlist.strings;
			sourceTree = "<group>";
		};
/* End PBXVariantGroup section */

/* Begin XCBuildConfiguration section */
		3D2DBB5D15721FE10064C9C3 /* Debug */ = {
			isa = XCBuildConfiguration;
			buildSettings = {
				ALWAYS_SEARCH_USER_PATHS = NO;
				ARCHS = "$(ARCHS_STANDARD_32_BIT)";
				CLANG_ENABLE_OBJC_ARC = YES;
				"CODE_SIGN_IDENTITY[sdk=iphoneos*]" = "iPhone Developer";
				COPY_PHASE_STRIP = NO;
				GCC_C_LANGUAGE_STANDARD = gnu99;
				GCC_DYNAMIC_NO_PIC = NO;
				GCC_OPTIMIZATION_LEVEL = 0;
				GCC_PREPROCESSOR_DEFINITIONS = (
					"DEBUG=1",
					"$(inherited)",
				);
				GCC_SYMBOLS_PRIVATE_EXTERN = NO;
				GCC_VERSION = com.apple.compilers.llvm.clang.1_0;
				GCC_WARN_ABOUT_RETURN_TYPE = YES;
				GCC_WARN_UNINITIALIZED_AUTOS = YES;
				GCC_WARN_UNUSED_VARIABLE = YES;
				IPHONEOS_DEPLOYMENT_TARGET = 5.1;
				SDKROOT = iphoneos;
			};
			name = Debug;
		};
		3D2DBB5E15721FE10064C9C3 /* Release */ = {
			isa = XCBuildConfiguration;
			buildSettings = {
				ALWAYS_SEARCH_USER_PATHS = NO;
				ARCHS = "$(ARCHS_STANDARD_32_BIT)";
				CLANG_ENABLE_OBJC_ARC = YES;
				"CODE_SIGN_IDENTITY[sdk=iphoneos*]" = "iPhone Developer";
				COPY_PHASE_STRIP = YES;
				GCC_C_LANGUAGE_STANDARD = gnu99;
				GCC_VERSION = com.apple.compilers.llvm.clang.1_0;
				GCC_WARN_ABOUT_RETURN_TYPE = YES;
				GCC_WARN_UNINITIALIZED_AUTOS = YES;
				GCC_WARN_UNUSED_VARIABLE = YES;
				IPHONEOS_DEPLOYMENT_TARGET = 5.1;
				OTHER_CFLAGS = "-DNS_BLOCK_ASSERTIONS=1";
				SDKROOT = iphoneos;
				VALIDATE_PRODUCT = YES;
			};
			name = Release;
		};
		3D2DBB6015721FE10064C9C3 /* Debug */ = {
			isa = XCBuildConfiguration;
			buildSettings = {
				GCC_PRECOMPILE_PREFIX_HEADER = YES;
				GCC_PREFIX_HEADER = "Solare/Solare-Prefix.pch";
				INFOPLIST_FILE = "Solare/Solare-Info.plist";
				PRODUCT_NAME = "$(TARGET_NAME)";
				WRAPPER_EXTENSION = app;
			};
			name = Debug;
		};
		3D2DBB6115721FE10064C9C3 /* Release */ = {
			isa = XCBuildConfiguration;
			buildSettings = {
				GCC_PRECOMPILE_PREFIX_HEADER = YES;
				GCC_PREFIX_HEADER = "Solare/Solare-Prefix.pch";
				INFOPLIST_FILE = "Solare/Solare-Info.plist";
				PRODUCT_NAME = "$(TARGET_NAME)";
				WRAPPER_EXTENSION = app;
			};
			name = Release;
		};
		3D2DBB6315721FE10064C9C3 /* Debug */ = {
			isa = XCBuildConfiguration;
			buildSettings = {
				BUNDLE_LOADER = "$(BUILT_PRODUCTS_DIR)/Solare.app/Solare";
				FRAMEWORK_SEARCH_PATHS = (
					"$(SDKROOT)/Developer/Library/Frameworks",
					"$(DEVELOPER_LIBRARY_DIR)/Frameworks",
				);
				GCC_PRECOMPILE_PREFIX_HEADER = YES;
				GCC_PREFIX_HEADER = "Solare/Solare-Prefix.pch";
				INFOPLIST_FILE = "SolareTests/SolareTests-Info.plist";
				PRODUCT_NAME = "$(TARGET_NAME)";
				TEST_HOST = "$(BUNDLE_LOADER)";
				WRAPPER_EXTENSION = octest;
			};
			name = Debug;
		};
		3D2DBB6415721FE10064C9C3 /* Release */ = {
			isa = XCBuildConfiguration;
			buildSettings = {
				BUNDLE_LOADER = "$(BUILT_PRODUCTS_DIR)/Solare.app/Solare";
				FRAMEWORK_SEARCH_PATHS = (
					"$(SDKROOT)/Developer/Library/Frameworks",
					"$(DEVELOPER_LIBRARY_DIR)/Frameworks",
				);
				GCC_PRECOMPILE_PREFIX_HEADER = YES;
				GCC_PREFIX_HEADER = "Solare/Solare-Prefix.pch";
				INFOPLIST_FILE = "SolareTests/SolareTests-Info.plist";
				PRODUCT_NAME = "$(TARGET_NAME)";
				TEST_HOST = "$(BUNDLE_LOADER)";
				WRAPPER_EXTENSION = octest;
			};
			name = Release;
		};
/* End XCBuildConfiguration section */

/* Begin XCConfigurationList section */
		3D2DBB2615721FDF0064C9C3 /* Build configuration list for PBXProject "Solare" */ = {
			isa = XCConfigurationList;
			buildConfigurations = (
				3D2DBB5D15721FE10064C9C3 /* Debug */,
				3D2DBB5E15721FE10064C9C3 /* Release */,
			);
			defaultConfigurationIsVisible = 0;
			defaultConfigurationName = Release;
		};
		3D2DBB5F15721FE10064C9C3 /* Build configuration list for PBXNativeTarget "Solare" */ = {
			isa = XCConfigurationList;
			buildConfigurations = (
				3D2DBB6015721FE10064C9C3 /* Debug */,
				3D2DBB6115721FE10064C9C3 /* Release */,
			);
			defaultConfigurationIsVisible = 0;
		};
		3D2DBB6215721FE10064C9C3 /* Build configuration list for PBXNativeTarget "SolareTests" */ = {
			isa = XCConfigurationList;
			buildConfigurations = (
				3D2DBB6315721FE10064C9C3 /* Debug */,
				3D2DBB6415721FE10064C9C3 /* Release */,
			);
			defaultConfigurationIsVisible = 0;
		};
/* End XCConfigurationList section */
	};
	rootObject = 3D2DBB2315721FDF0064C9C3 /* Project object */;
}
